PODS:
  - Firebase/CoreOnly (5.6.0):
    - FirebaseCore (= 5.1.1)
  - Firebase/Messaging (5.6.0):
    - Firebase/CoreOnly
    - FirebaseMessaging (= 3.1.0)
  - FirebaseCore (5.1.1):
    - GoogleUtilities/Logger (~> 5.2)
  - FirebaseInstanceID (3.2.1):
    - FirebaseCore (~> 5.1)
    - GoogleUtilities/Environment (~> 5.2)
  - FirebaseMessaging (3.1.0):
    - FirebaseCore (~> 5.0)
    - FirebaseInstanceID (~> 3.0)
    - GoogleUtilities/Reachability (~> 5.2)
    - Protobuf (~> 3.1)
  - GoogleUtilities/Environment (5.2.2)
  - GoogleUtilities/Logger (5.2.2):
    - GoogleUtilities/Environment
  - GoogleUtilities/Reachability (5.2.2):
    - GoogleUtilities/Logger
  - Protobuf (3.6.1)
  - ReachabilitySwift (4.1.0)
  - StringflowFramework-iOS (1.1.1)

DEPENDENCIES:
  - Firebase/Messaging
  - ReachabilitySwift
  - StringflowFramework-iOS

SPEC CHECKSUMS:
  Firebase: 75ea9e232eefa158c1049028030b8f661a2ccb62
  FirebaseCore: cb9ee75e0894def766167c95a4d5a14b1c138269
  FirebaseInstanceID: ea5af6920d0a4a29b40459d055bebe4a6c1333c4
  FirebaseMessaging: f67b3719f520ee200da0e20ce577fe2bce0c01d0
  GoogleUtilities: 06b66f9567769a7958db20a92f0128b2843e49d5
  Protobuf: 1eb9700044745f00181c136ef21b8ff3ad5a0fd5
  ReachabilitySwift: 6849231cd4e06559f3b9ef4a97a0a0f96d41e09f
  StringflowFramework-iOS: 3cd69db90e10205b741760c92024f97a7fe78371

PODFILE CHECKSUM: ef969e86368cbaba16c79fcf720c69efef0bae0c

COCOAPODS: 1.4.0
